
Microsoft Visual Studio Solution File, Format Version 12.00
# Visual Studio 14
VisualStudioVersion = 14.0.24720.0
MinimumVisualStudioVersion = 10.0.40219.1
Project("{FAE04EC0-301F-11D3-BF4B-00C04F79EFBC}") = "APLTest", "APLTest\APLTest.csproj", "{83F7829A-388D-4D3B-B881-BB21FA06C36F}"
EndProject
Project("{FAE04EC0-301F-11D3-BF4B-00C04F79EFBC}") = "ObservableCollection", "ObservableCollection\ObservableCollection.csproj", "{60695CAF-CEE1-4176-AFE4-B35A5369CF4B}"
EndProject
Project("{FAE04EC0-301F-11D3-BF4B-00C04F79EFBC}") = "ThreadJoin", "ThreadJoin\ThreadJoin.csproj", "{EAC421E5-ACF5-4ACC-BB03-1ECA85D770DE}"
EndProject
Project("{FAE04EC0-301F-11D3-BF4B-00C04F79EFBC}") = "Timer", "Timer\Timer.csproj", "{10764648-3DCD-476D-B710-81DF39B99C8D}"
EndProject
Project("{FAE04EC0-301F-11D3-BF4B-00C04F79EFBC}") = "GetMd5HashedGuid", "GetMd5HashedGuid\GetMd5HashedGuid.csproj", "{F60794F8-3718-47B3-AC79-744B121184C8}"
EndProject
Project("{FAE04EC0-301F-11D3-BF4B-00C04F79EFBC}") = "ExtensionMethod", "ExtensionMethod\ExtensionMethod.csproj", "{67637CA6-C514-4C92-807C-1B9425454A7B}"
EndProject
Project("{FAE04EC0-301F-11D3-BF4B-00C04F79EFBC}") = "BuildWorkerAsync", "BuildWorkerAsync\BuildWorkerAsync.csproj", "{7D0BE797-DE95-4F50-AD85-CDA6A6FCBF74}"
EndProject
Project("{FAE04EC0-301F-11D3-BF4B-00C04F79EFBC}") = "Attribute", "Attribute\Attribute.csproj", "{13EC2DB1-A3C3-4746-9FB4-A7D57EB376DE}"
EndProject
Project("{FAE04EC0-301F-11D3-BF4B-00C04F79EFBC}") = "TableStorageAccessorGeneric", "GenericMethod\TableStorageAccessorGeneric.csproj", "{DA3EC53B-D8AE-4363-9DD6-B1875142D40B}"
EndProject
Project("{FAE04EC0-301F-11D3-BF4B-00C04F79EFBC}") = "DTDynMethod", "DTDynMethod\DTDynMethod.csproj", "{77C05C90-385F-4061-A377-D713F7CC382A}"
EndProject
Project("{FAE04EC0-301F-11D3-BF4B-00C04F79EFBC}") = "APLTest2", "APLTest2\APLTest2.csproj", "{F8E7A303-D04D-43FD-98B9-00E5CEC5F97E}"
EndProject
Project("{FAE04EC0-301F-11D3-BF4B-00C04F79EFBC}") = "versioncal", "versioncal\versioncal.csproj", "{A806C415-2874-48D8-8A43-8F011AB10A9E}"
EndProject
Project("{FAE04EC0-301F-11D3-BF4B-00C04F79EFBC}") = "Xsltransform", "Xsltransform\Xsltransform.csproj", "{233A474D-AF9D-4701-A9C1-98AC73485099}"
EndProject
Project("{FAE04EC0-301F-11D3-BF4B-00C04F79EFBC}") = "LogitemProcessor", "LogitemProcessor\LogitemProcessor.csproj", "{561132A3-E3A8-40B8-81A5-2E62D65448B7}"
EndProject
Project("{FAE04EC0-301F-11D3-BF4B-00C04F79EFBC}") = "Mapper", "Mapper\Mapper.csproj", "{4CB51ACB-FE98-4F67-AE49-50A9A067056E}"
EndProject
Project("{FAE04EC0-301F-11D3-BF4B-00C04F79EFBC}") = "Reducer", "Reducer\Reducer.csproj", "{E165721F-9D97-4B50-A4F3-E257E862058D}"
EndProject
Project("{FAE04EC0-301F-11D3-BF4B-00C04F79EFBC}") = "MapperTests", "MapperTests\MapperTests.csproj", "{D361448B-AF84-4242-AF9D-658895C14B97}"
EndProject
Project("{FAE04EC0-301F-11D3-BF4B-00C04F79EFBC}") = "Reader", "Reader\Reader.csproj", "{8110566E-6D8E-4657-B1AD-3C5997AAA359}"
EndProject
Project("{FAE04EC0-301F-11D3-BF4B-00C04F79EFBC}") = "HtmlGeneratorCS", "HtmlGenerator\HtmlGeneratorCS.csproj", "{848E82CC-8EBA-42C3-9F30-60BD347AB0DF}"
EndProject
Project("{FAE04EC0-301F-11D3-BF4B-00C04F79EFBC}") = "memorystream", "memorystream\memorystream.csproj", "{889FBEAE-D856-408D-B459-314328688985}"
EndProject
Project("{FAE04EC0-301F-11D3-BF4B-00C04F79EFBC}") = "Linq", "Linq\Linq.csproj", "{1E3F9939-D12B-46B7-822A-B6FF3E0DC4D2}"
EndProject
Project("{FAE04EC0-301F-11D3-BF4B-00C04F79EFBC}") = "ReplaceWithObject", "ReplaceWithObject\ReplaceWithObject.csproj", "{D11964D8-7D1D-4995-9A9F-0D89E0FB023F}"
EndProject
Project("{FAE04EC0-301F-11D3-BF4B-00C04F79EFBC}") = "APLTest3", "APLTest3\APLTest3.csproj", "{307EC9BE-2C3B-4073-AD8D-B88508DD8363}"
EndProject
Project("{FAE04EC0-301F-11D3-BF4B-00C04F79EFBC}") = "ZipTest", "ZipTest\ZipTest.csproj", "{EBBE4DB4-0134-4268-9631-B42A212C31E0}"
EndProject
Project("{FAE04EC0-301F-11D3-BF4B-00C04F79EFBC}") = "DynamicHandleGenerators", "DynamicMethodGenerators\DynamicHandleGenerators.csproj", "{51D34507-D981-48A4-B47F-3320BA7E8B44}"
EndProject
Project("{FAE04EC0-301F-11D3-BF4B-00C04F79EFBC}") = "DynamicHandleGeneratorsTests", "DynamicHandleGeneratorsTests\DynamicHandleGeneratorsTests.csproj", "{44B1E7D0-F87F-4117-AB19-B4B8383A2200}"
EndProject
Global
	GlobalSection(SolutionConfigurationPlatforms) = preSolution
		Debug|Any CPU = Debug|Any CPU
		Release|Any CPU = Release|Any CPU
	EndGlobalSection
	GlobalSection(ProjectConfigurationPlatforms) = postSolution
		{83F7829A-388D-4D3B-B881-BB21FA06C36F}.Debug|Any CPU.ActiveCfg = Debug|Any CPU
		{83F7829A-388D-4D3B-B881-BB21FA06C36F}.Debug|Any CPU.Build.0 = Debug|Any CPU
		{83F7829A-388D-4D3B-B881-BB21FA06C36F}.Release|Any CPU.ActiveCfg = Release|Any CPU
		{83F7829A-388D-4D3B-B881-BB21FA06C36F}.Release|Any CPU.Build.0 = Release|Any CPU
		{60695CAF-CEE1-4176-AFE4-B35A5369CF4B}.Debug|Any CPU.ActiveCfg = Debug|Any CPU
		{60695CAF-CEE1-4176-AFE4-B35A5369CF4B}.Debug|Any CPU.Build.0 = Debug|Any CPU
		{60695CAF-CEE1-4176-AFE4-B35A5369CF4B}.Release|Any CPU.ActiveCfg = Release|Any CPU
		{60695CAF-CEE1-4176-AFE4-B35A5369CF4B}.Release|Any CPU.Build.0 = Release|Any CPU
		{EAC421E5-ACF5-4ACC-BB03-1ECA85D770DE}.Debug|Any CPU.ActiveCfg = Debug|Any CPU
		{EAC421E5-ACF5-4ACC-BB03-1ECA85D770DE}.Debug|Any CPU.Build.0 = Debug|Any CPU
		{EAC421E5-ACF5-4ACC-BB03-1ECA85D770DE}.Release|Any CPU.ActiveCfg = Release|Any CPU
		{EAC421E5-ACF5-4ACC-BB03-1ECA85D770DE}.Release|Any CPU.Build.0 = Release|Any CPU
		{10764648-3DCD-476D-B710-81DF39B99C8D}.Debug|Any CPU.ActiveCfg = Debug|Any CPU
		{10764648-3DCD-476D-B710-81DF39B99C8D}.Debug|Any CPU.Build.0 = Debug|Any CPU
		{10764648-3DCD-476D-B710-81DF39B99C8D}.Release|Any CPU.ActiveCfg = Release|Any CPU
		{10764648-3DCD-476D-B710-81DF39B99C8D}.Release|Any CPU.Build.0 = Release|Any CPU
		{F60794F8-3718-47B3-AC79-744B121184C8}.Debug|Any CPU.ActiveCfg = Debug|Any CPU
		{F60794F8-3718-47B3-AC79-744B121184C8}.Debug|Any CPU.Build.0 = Debug|Any CPU
		{F60794F8-3718-47B3-AC79-744B121184C8}.Release|Any CPU.ActiveCfg = Release|Any CPU
		{F60794F8-3718-47B3-AC79-744B121184C8}.Release|Any CPU.Build.0 = Release|Any CPU
		{67637CA6-C514-4C92-807C-1B9425454A7B}.Debug|Any CPU.ActiveCfg = Debug|Any CPU
		{67637CA6-C514-4C92-807C-1B9425454A7B}.Debug|Any CPU.Build.0 = Debug|Any CPU
		{67637CA6-C514-4C92-807C-1B9425454A7B}.Release|Any CPU.ActiveCfg = Release|Any CPU
		{67637CA6-C514-4C92-807C-1B9425454A7B}.Release|Any CPU.Build.0 = Release|Any CPU
		{7D0BE797-DE95-4F50-AD85-CDA6A6FCBF74}.Debug|Any CPU.ActiveCfg = Debug|Any CPU
		{7D0BE797-DE95-4F50-AD85-CDA6A6FCBF74}.Debug|Any CPU.Build.0 = Debug|Any CPU
		{7D0BE797-DE95-4F50-AD85-CDA6A6FCBF74}.Release|Any CPU.ActiveCfg = Release|Any CPU
		{7D0BE797-DE95-4F50-AD85-CDA6A6FCBF74}.Release|Any CPU.Build.0 = Release|Any CPU
		{13EC2DB1-A3C3-4746-9FB4-A7D57EB376DE}.Debug|Any CPU.ActiveCfg = Debug|Any CPU
		{13EC2DB1-A3C3-4746-9FB4-A7D57EB376DE}.Debug|Any CPU.Build.0 = Debug|Any CPU
		{13EC2DB1-A3C3-4746-9FB4-A7D57EB376DE}.Release|Any CPU.ActiveCfg = Release|Any CPU
		{13EC2DB1-A3C3-4746-9FB4-A7D57EB376DE}.Release|Any CPU.Build.0 = Release|Any CPU
		{DA3EC53B-D8AE-4363-9DD6-B1875142D40B}.Debug|Any CPU.ActiveCfg = Debug|Any CPU
		{DA3EC53B-D8AE-4363-9DD6-B1875142D40B}.Debug|Any CPU.Build.0 = Debug|Any CPU
		{DA3EC53B-D8AE-4363-9DD6-B1875142D40B}.Release|Any CPU.ActiveCfg = Release|Any CPU
		{DA3EC53B-D8AE-4363-9DD6-B1875142D40B}.Release|Any CPU.Build.0 = Release|Any CPU
		{77C05C90-385F-4061-A377-D713F7CC382A}.Debug|Any CPU.ActiveCfg = Debug|Any CPU
		{77C05C90-385F-4061-A377-D713F7CC382A}.Debug|Any CPU.Build.0 = Debug|Any CPU
		{77C05C90-385F-4061-A377-D713F7CC382A}.Release|Any CPU.ActiveCfg = Release|Any CPU
		{77C05C90-385F-4061-A377-D713F7CC382A}.Release|Any CPU.Build.0 = Release|Any CPU
		{F8E7A303-D04D-43FD-98B9-00E5CEC5F97E}.Debug|Any CPU.ActiveCfg = Debug|Any CPU
		{F8E7A303-D04D-43FD-98B9-00E5CEC5F97E}.Debug|Any CPU.Build.0 = Debug|Any CPU
		{F8E7A303-D04D-43FD-98B9-00E5CEC5F97E}.Release|Any CPU.ActiveCfg = Release|Any CPU
		{F8E7A303-D04D-43FD-98B9-00E5CEC5F97E}.Release|Any CPU.Build.0 = Release|Any CPU
		{A806C415-2874-48D8-8A43-8F011AB10A9E}.Debug|Any CPU.ActiveCfg = Debug|Any CPU
		{A806C415-2874-48D8-8A43-8F011AB10A9E}.Debug|Any CPU.Build.0 = Debug|Any CPU
		{A806C415-2874-48D8-8A43-8F011AB10A9E}.Release|Any CPU.ActiveCfg = Release|Any CPU
		{A806C415-2874-48D8-8A43-8F011AB10A9E}.Release|Any CPU.Build.0 = Release|Any CPU
		{233A474D-AF9D-4701-A9C1-98AC73485099}.Debug|Any CPU.ActiveCfg = Debug|Any CPU
		{233A474D-AF9D-4701-A9C1-98AC73485099}.Debug|Any CPU.Build.0 = Debug|Any CPU
		{233A474D-AF9D-4701-A9C1-98AC73485099}.Release|Any CPU.ActiveCfg = Release|Any CPU
		{233A474D-AF9D-4701-A9C1-98AC73485099}.Release|Any CPU.Build.0 = Release|Any CPU
		{561132A3-E3A8-40B8-81A5-2E62D65448B7}.Debug|Any CPU.ActiveCfg = Debug|Any CPU
		{561132A3-E3A8-40B8-81A5-2E62D65448B7}.Debug|Any CPU.Build.0 = Debug|Any CPU
		{561132A3-E3A8-40B8-81A5-2E62D65448B7}.Release|Any CPU.ActiveCfg = Release|Any CPU
		{561132A3-E3A8-40B8-81A5-2E62D65448B7}.Release|Any CPU.Build.0 = Release|Any CPU
		{4CB51ACB-FE98-4F67-AE49-50A9A067056E}.Debug|Any CPU.ActiveCfg = Debug|Any CPU
		{4CB51ACB-FE98-4F67-AE49-50A9A067056E}.Debug|Any CPU.Build.0 = Debug|Any CPU
		{4CB51ACB-FE98-4F67-AE49-50A9A067056E}.Release|Any CPU.ActiveCfg = Release|Any CPU
		{4CB51ACB-FE98-4F67-AE49-50A9A067056E}.Release|Any CPU.Build.0 = Release|Any CPU
		{E165721F-9D97-4B50-A4F3-E257E862058D}.Debug|Any CPU.ActiveCfg = Debug|Any CPU
		{E165721F-9D97-4B50-A4F3-E257E862058D}.Debug|Any CPU.Build.0 = Debug|Any CPU
		{E165721F-9D97-4B50-A4F3-E257E862058D}.Release|Any CPU.ActiveCfg = Release|Any CPU
		{E165721F-9D97-4B50-A4F3-E257E862058D}.Release|Any CPU.Build.0 = Release|Any CPU
		{D361448B-AF84-4242-AF9D-658895C14B97}.Debug|Any CPU.ActiveCfg = Debug|Any CPU
		{D361448B-AF84-4242-AF9D-658895C14B97}.Debug|Any CPU.Build.0 = Debug|Any CPU
		{D361448B-AF84-4242-AF9D-658895C14B97}.Release|Any CPU.ActiveCfg = Release|Any CPU
		{D361448B-AF84-4242-AF9D-658895C14B97}.Release|Any CPU.Build.0 = Release|Any CPU
		{8110566E-6D8E-4657-B1AD-3C5997AAA359}.Debug|Any CPU.ActiveCfg = Debug|Any CPU
		{8110566E-6D8E-4657-B1AD-3C5997AAA359}.Debug|Any CPU.Build.0 = Debug|Any CPU
		{8110566E-6D8E-4657-B1AD-3C5997AAA359}.Release|Any CPU.ActiveCfg = Release|Any CPU
		{8110566E-6D8E-4657-B1AD-3C5997AAA359}.Release|Any CPU.Build.0 = Release|Any CPU
		{848E82CC-8EBA-42C3-9F30-60BD347AB0DF}.Debug|Any CPU.ActiveCfg = Debug|Any CPU
		{848E82CC-8EBA-42C3-9F30-60BD347AB0DF}.Debug|Any CPU.Build.0 = Debug|Any CPU
		{848E82CC-8EBA-42C3-9F30-60BD347AB0DF}.Release|Any CPU.ActiveCfg = Release|Any CPU
		{848E82CC-8EBA-42C3-9F30-60BD347AB0DF}.Release|Any CPU.Build.0 = Release|Any CPU
		{889FBEAE-D856-408D-B459-314328688985}.Debug|Any CPU.ActiveCfg = Debug|Any CPU
		{889FBEAE-D856-408D-B459-314328688985}.Debug|Any CPU.Build.0 = Debug|Any CPU
		{889FBEAE-D856-408D-B459-314328688985}.Release|Any CPU.ActiveCfg = Release|Any CPU
		{889FBEAE-D856-408D-B459-314328688985}.Release|Any CPU.Build.0 = Release|Any CPU
		{1E3F9939-D12B-46B7-822A-B6FF3E0DC4D2}.Debug|Any CPU.ActiveCfg = Debug|Any CPU
		{1E3F9939-D12B-46B7-822A-B6FF3E0DC4D2}.Debug|Any CPU.Build.0 = Debug|Any CPU
		{1E3F9939-D12B-46B7-822A-B6FF3E0DC4D2}.Release|Any CPU.ActiveCfg = Release|Any CPU
		{1E3F9939-D12B-46B7-822A-B6FF3E0DC4D2}.Release|Any CPU.Build.0 = Release|Any CPU
		{D11964D8-7D1D-4995-9A9F-0D89E0FB023F}.Debug|Any CPU.ActiveCfg = Debug|Any CPU
		{D11964D8-7D1D-4995-9A9F-0D89E0FB023F}.Debug|Any CPU.Build.0 = Debug|Any CPU
		{D11964D8-7D1D-4995-9A9F-0D89E0FB023F}.Release|Any CPU.ActiveCfg = Release|Any CPU
		{D11964D8-7D1D-4995-9A9F-0D89E0FB023F}.Release|Any CPU.Build.0 = Release|Any CPU
		{307EC9BE-2C3B-4073-AD8D-B88508DD8363}.Debug|Any CPU.ActiveCfg = Debug|Any CPU
		{307EC9BE-2C3B-4073-AD8D-B88508DD8363}.Debug|Any CPU.Build.0 = Debug|Any CPU
		{307EC9BE-2C3B-4073-AD8D-B88508DD8363}.Release|Any CPU.ActiveCfg = Release|Any CPU
		{307EC9BE-2C3B-4073-AD8D-B88508DD8363}.Release|Any CPU.Build.0 = Release|Any CPU
		{EBBE4DB4-0134-4268-9631-B42A212C31E0}.Debug|Any CPU.ActiveCfg = Debug|Any CPU
		{EBBE4DB4-0134-4268-9631-B42A212C31E0}.Debug|Any CPU.Build.0 = Debug|Any CPU
		{EBBE4DB4-0134-4268-9631-B42A212C31E0}.Release|Any CPU.ActiveCfg = Release|Any CPU
		{EBBE4DB4-0134-4268-9631-B42A212C31E0}.Release|Any CPU.Build.0 = Release|Any CPU
		{51D34507-D981-48A4-B47F-3320BA7E8B44}.Debug|Any CPU.ActiveCfg = Debug|Any CPU
		{51D34507-D981-48A4-B47F-3320BA7E8B44}.Debug|Any CPU.Build.0 = Debug|Any CPU
		{51D34507-D981-48A4-B47F-3320BA7E8B44}.Release|Any CPU.ActiveCfg = Release|Any CPU
		{51D34507-D981-48A4-B47F-3320BA7E8B44}.Release|Any CPU.Build.0 = Release|Any CPU
		{44B1E7D0-F87F-4117-AB19-B4B8383A2200}.Debug|Any CPU.ActiveCfg = Debug|Any CPU
		{44B1E7D0-F87F-4117-AB19-B4B8383A2200}.Debug|Any CPU.Build.0 = Debug|Any CPU
		{44B1E7D0-F87F-4117-AB19-B4B8383A2200}.Release|Any CPU.ActiveCfg = Release|Any CPU
		{44B1E7D0-F87F-4117-AB19-B4B8383A2200}.Release|Any CPU.Build.0 = Release|Any CPU
	EndGlobalSection
	GlobalSection(SolutionProperties) = preSolution
		HideSolutionNode = FALSE
	EndGlobalSection
EndGlobal
